<?xml version="1.0" encoding="utf-8"?>
<Project ToolsVersion="4.0" xmlns="http://schemas.microsoft.com/developer/msbuild/2003">
  <ItemGroup>
    <Filter Include="Source Files">
      <UniqueIdentifier>{4FC737F1-C7A5-4376-A066-2A32D752A2FF}</UniqueIdentifier>
      <Extensions>cpp;c;cc;cxx;def;odl;idl;hpj;bat;asm;asmx</Extensions>
    </Filter>
    <Filter Include="Header Files">
      <UniqueIdentifier>{93995380-89BD-4b04-88EB-625FBE52EBFB}</UniqueIdentifier>
      <Extensions>h;hh;hpp;hxx;hm;inl;inc;xsd</Extensions>
    </Filter>
    <Filter Include="Resource Files">
      <UniqueIdentifier>{67DA6AB6-F800-4c08-8B7A-83BB121AAD01}</UniqueIdentifier>
      <Extensions>rc;ico;cur;bmp;dlg;rc2;rct;bin;rgs;gif;jpg;jpeg;jpe;resx;tiff;tif;png;wav;mfcribbon-ms</Extensions>
    </Filter>
  </ItemGroup>
  <ItemGroup>
    <Text Include="ReadMe.txt" />
  </ItemGroup>
  <ItemGroup>
    <ClInclude Include="stdafx.h">
      <Filter>Header Files</Filter>
    </ClInclude>
    <ClInclude Include="targetver.h">
      <Filter>Header Files</Filter>
    </ClInclude>
    <ClInclude Include="StringTest.h">
      <Filter>Header Files</Filter>
    </ClInclude>
    <ClInclude Include="BitSetTest.h">
      <Filter>Header Files</Filter>
    </ClInclude>
    <ClInclude Include="ArrayTest.h">
      <Filter>Header Files</Filter>
    </ClInclude>
    <ClInclude Include="HeapTest.h">
      <Filter>Header Files</Filter>
    </ClInclude>
    <ClInclude Include="TestClassTest.h">
      <Filter>Header Files</Filter>
    </ClInclude>
    <ClInclude Include="MergeSortTest.h">
      <Filter>Header Files</Filter>
    </ClInclude>
    <ClInclude Include="ColumnSortTest.h">
      <Filter>Header Files</Filter>
    </ClInclude>
    <ClInclude Include="RandomTest.h">
      <Filter>Header Files</Filter>
    </ClInclude>
    <ClInclude Include="QuickSortTest.h">
      <Filter>Header Files</Filter>
    </ClInclude>
    <ClInclude Include="PartitionTest.h">
      <Filter>Header Files</Filter>
    </ClInclude>
    <ClInclude Include="BinarySearchTest.h">
      <Filter>Header Files</Filter>
    </ClInclude>
    <ClInclude Include="SingleLinkListTest.h">
      <Filter>Header Files</Filter>
    </ClInclude>
    <ClInclude Include="SortedSingleLinkListTest.h">
      <Filter>Header Files</Filter>
    </ClInclude>
    <ClInclude Include="CircularSingleLinkListTest.h">
      <Filter>Header Files</Filter>
    </ClInclude>
    <ClInclude Include="SortedCircularSingleLinkListTest.h">
      <Filter>Header Files</Filter>
    </ClInclude>
    <ClInclude Include="InsertionSortTest.h">
      <Filter>Header Files</Filter>
    </ClInclude>
    <ClInclude Include="MRIntegerTest.h">
      <Filter>Header Files</Filter>
    </ClInclude>
    <ClInclude Include="PermutationTest.h">
      <Filter>Header Files</Filter>
    </ClInclude>
    <ClInclude Include="HeapSortTest.h">
      <Filter>Header Files</Filter>
    </ClInclude>
    <ClInclude Include="YoungTableauTest.h">
      <Filter>Header Files</Filter>
    </ClInclude>
    <ClInclude Include="CountingSortTest.h">
      <Filter>Header Files</Filter>
    </ClInclude>
    <ClInclude Include="QueueTest.h">
      <Filter>Header Files</Filter>
    </ClInclude>
    <ClInclude Include="StackTest.h">
      <Filter>Header Files</Filter>
    </ClInclude>
    <ClInclude Include="BinaryTreeTest.h">
      <Filter>Header Files</Filter>
    </ClInclude>
    <ClInclude Include="RedBlackTreeTest.h">
      <Filter>Header Files</Filter>
    </ClInclude>
    <ClInclude Include="AVLTreeTest.h">
      <Filter>Header Files</Filter>
    </ClInclude>
    <ClInclude Include="RodCutTest.h">
      <Filter>Header Files</Filter>
    </ClInclude>
    <ClInclude Include="MatrixChainTest.h">
      <Filter>Header Files</Filter>
    </ClInclude>
    <ClInclude Include="LongestCommonSubsequenceTest.h">
      <Filter>Header Files</Filter>
    </ClInclude>
    <ClInclude Include="LongestIncreasingSubsequenceTest.h">
      <Filter>Header Files</Filter>
    </ClInclude>
    <ClInclude Include="Array2DTest.h">
      <Filter>Header Files</Filter>
    </ClInclude>
    <ClInclude Include="PalindromeTest.h">
      <Filter>Header Files</Filter>
    </ClInclude>
    <ClInclude Include="SeamCarvingTest.h">
      <Filter>Header Files</Filter>
    </ClInclude>
    <ClInclude Include="BreakStringTest.h">
      <Filter>Header Files</Filter>
    </ClInclude>
    <ClInclude Include="KnapsackTest.h">
      <Filter>Header Files</Filter>
    </ClInclude>
    <ClInclude Include="UnitTimeTaskSchedulerTest.h">
      <Filter>Header Files</Filter>
    </ClInclude>
    <ClInclude Include="CoinChangeTest.h">
      <Filter>Header Files</Filter>
    </ClInclude>
    <ClInclude Include="ListGraphTest.h">
      <Filter>Header Files</Filter>
    </ClInclude>
    <ClInclude Include="MatrixGraphTest.h">
      <Filter>Header Files</Filter>
    </ClInclude>
    <ClInclude Include="GraphTest.h">
      <Filter>Header Files</Filter>
    </ClInclude>
    <ClInclude Include="FiniteAutomationTest.h">
      <Filter>Header Files</Filter>
    </ClInclude>
    <ClInclude Include="NodeGraphTest.h">
      <Filter>Header Files</Filter>
    </ClInclude>
    <ClInclude Include="GeometryTest.h">
      <Filter>Header Files</Filter>
    </ClInclude>
    <ClInclude Include="BinaryNodeTest.h">
      <Filter>Header Files</Filter>
    </ClInclude>
    <ClInclude Include="DestructorTest.h">
      <Filter>Header Files</Filter>
    </ClInclude>
    <ClInclude Include="BinarySearchTreeTest.h">
      <Filter>Header Files</Filter>
    </ClInclude>
    <ClInclude Include="BinaryIteratorTest.h">
      <Filter>Header Files</Filter>
    </ClInclude>
    <ClInclude Include="CoinSelectTest.h">
      <Filter>Header Files</Filter>
    </ClInclude>
    <ClInclude Include="MazeTest.h">
      <Filter>Header Files</Filter>
    </ClInclude>
  </ItemGroup>
  <ItemGroup>
    <ClCompile Include="stdafx.cpp">
      <Filter>Source Files</Filter>
    </ClCompile>
    <ClCompile Include="Test.cpp">
      <Filter>Source Files</Filter>
    </ClCompile>
    <ClCompile Include="StringTest.cpp">
      <Filter>Source Files</Filter>
    </ClCompile>
    <ClCompile Include="BitSetTest.cpp">
      <Filter>Source Files</Filter>
    </ClCompile>
    <ClCompile Include="ArrayTest.cpp">
      <Filter>Source Files</Filter>
    </ClCompile>
    <ClCompile Include="HeapTest.cpp">
      <Filter>Source Files</Filter>
    </ClCompile>
    <ClCompile Include="TestClassTest.cpp">
      <Filter>Source Files</Filter>
    </ClCompile>
    <ClCompile Include="MergeSortTest.cpp">
      <Filter>Source Files</Filter>
    </ClCompile>
    <ClCompile Include="ColumnSortTest.cpp">
      <Filter>Source Files</Filter>
    </ClCompile>
    <ClCompile Include="RandomTest.cpp">
      <Filter>Source Files</Filter>
    </ClCompile>
    <ClCompile Include="QuickSortTest.cpp">
      <Filter>Source Files</Filter>
    </ClCompile>
    <ClCompile Include="PartitionTest.cpp">
      <Filter>Source Files</Filter>
    </ClCompile>
    <ClCompile Include="BinarySearchTest.cpp">
      <Filter>Source Files</Filter>
    </ClCompile>
    <ClCompile Include="SingleLinkListTest.cpp">
      <Filter>Source Files</Filter>
    </ClCompile>
    <ClCompile Include="SortedSingleLinkListTest.cpp">
      <Filter>Source Files</Filter>
    </ClCompile>
    <ClCompile Include="CircularSingleLinkListTest.cpp">
      <Filter>Source Files</Filter>
    </ClCompile>
    <ClCompile Include="SortedCircularSingleLinkListTest.cpp">
      <Filter>Source Files</Filter>
    </ClCompile>
    <ClCompile Include="InsertionSortTest.cpp">
      <Filter>Source Files</Filter>
    </ClCompile>
    <ClCompile Include="MRIntegerTest.cpp">
      <Filter>Source Files</Filter>
    </ClCompile>
    <ClCompile Include="PermutationTest.cpp">
      <Filter>Source Files</Filter>
    </ClCompile>
    <ClCompile Include="HeapSortTest.cpp">
      <Filter>Source Files</Filter>
    </ClCompile>
    <ClCompile Include="YoungTableauTest.cpp">
      <Filter>Source Files</Filter>
    </ClCompile>
    <ClCompile Include="CountingSortTest.cpp">
      <Filter>Source Files</Filter>
    </ClCompile>
    <ClCompile Include="QueueTest.cpp">
      <Filter>Source Files</Filter>
    </ClCompile>
    <ClCompile Include="StackTest.cpp">
      <Filter>Source Files</Filter>
    </ClCompile>
    <ClCompile Include="BinaryTreeTest.cpp">
      <Filter>Source Files</Filter>
    </ClCompile>
    <ClCompile Include="RedBlackTreeTest.cpp">
      <Filter>Source Files</Filter>
    </ClCompile>
    <ClCompile Include="AVLTreeTest.cpp">
      <Filter>Source Files</Filter>
    </ClCompile>
    <ClCompile Include="RodCutTest.cpp">
      <Filter>Source Files</Filter>
    </ClCompile>
    <ClCompile Include="MatrixChainTest.cpp">
      <Filter>Source Files</Filter>
    </ClCompile>
    <ClCompile Include="LongestCommonSubsequenceTest.cpp">
      <Filter>Source Files</Filter>
    </ClCompile>
    <ClCompile Include="LongestIncreasingSubsequenceTest.cpp">
      <Filter>Source Files</Filter>
    </ClCompile>
    <ClCompile Include="Array2DTest.cpp">
      <Filter>Source Files</Filter>
    </ClCompile>
    <ClCompile Include="PalindromeTest.cpp">
      <Filter>Source Files</Filter>
    </ClCompile>
    <ClCompile Include="SeamCarvingTest.cpp">
      <Filter>Source Files</Filter>
    </ClCompile>
    <ClCompile Include="BreakStringTest.cpp">
      <Filter>Source Files</Filter>
    </ClCompile>
    <ClCompile Include="KnapsackTest.cpp">
      <Filter>Source Files</Filter>
    </ClCompile>
    <ClCompile Include="UnitTimeTaskSchedulerTest.cpp">
      <Filter>Source Files</Filter>
    </ClCompile>
    <ClCompile Include="CoinChangeTest.cpp">
      <Filter>Source Files</Filter>
    </ClCompile>
    <ClCompile Include="ListGraphTest.cpp">
      <Filter>Source Files</Filter>
    </ClCompile>
    <ClCompile Include="MatrixGraphTest.cpp">
      <Filter>Source Files</Filter>
    </ClCompile>
    <ClCompile Include="GraphTest.cpp">
      <Filter>Source Files</Filter>
    </ClCompile>
    <ClCompile Include="FiniteAutomationTest.cpp">
      <Filter>Source Files</Filter>
    </ClCompile>
    <ClCompile Include="NodeGraphTest.cpp">
      <Filter>Source Files</Filter>
    </ClCompile>
    <ClCompile Include="GeometryTest.cpp">
      <Filter>Source Files</Filter>
    </ClCompile>
    <ClCompile Include="BinaryNodeTest.cpp">
      <Filter>Source Files</Filter>
    </ClCompile>
    <ClCompile Include="DestructorTest.cpp">
      <Filter>Source Files</Filter>
    </ClCompile>
    <ClCompile Include="BinarySearchTreeTest.cpp">
      <Filter>Source Files</Filter>
    </ClCompile>
    <ClCompile Include="BinaryIteratorTest.cpp">
      <Filter>Source Files</Filter>
    </ClCompile>
    <ClCompile Include="CoinSelectTest.cpp">
      <Filter>Source Files</Filter>
    </ClCompile>
    <ClCompile Include="MazeTest.cpp">
      <Filter>Source Files</Filter>
    </ClCompile>
  </ItemGroup>
</Project>